# THIS IS AN AUTOGENERATED FILE. DO NOT EDIT THIS FILE DIRECTLY.
# yarn lockfile v1


"@types/cheerio@^0.22.10":
  version "0.22.10"
  resolved "https://registry.yarnpkg.com/@types/cheerio/-/cheerio-0.22.10.tgz#780d552467824be4a241b29510a7873a7432c4a6"
  integrity sha512-fOM/Jhv51iyugY7KOBZz2ThfT1gwvsGCfWxpLpZDgkGjpEO4Le9cld07OdskikLjDUQJ43dzDaVRSFwQlpdqVg==

"@types/lodash@^4.14.119":
  version "4.14.119"
  resolved "https://registry.yarnpkg.com/@types/lodash/-/lodash-4.14.119.tgz#be847e5f4bc3e35e46d041c394ead8b603ad8b39"
  integrity sha512-Z3TNyBL8Vd/M9D9Ms2S3LmFq2sSMzahodD6rCS9V2N44HUMINb75jNkSuwAx7eo2ufqTdfOdtGQpNbieUjPQmw==

"@types/node-fetch@^2.1.4":
  version "2.1.4"
  resolved "https://registry.yarnpkg.com/@types/node-fetch/-/node-fetch-2.1.4.tgz#093d1beae11541aef25999d70aa09286fd025b1a"
  integrity sha512-tR1ekaXUGpmzOcDXWU9BW73YfA2/VW1DF1FH+wlJ82BbCSnWTbdX+JkqWQXWKIGsFPnPsYadbXfNgz28g+ccWg==
  dependencies:
    "@types/node" "*"

"@types/node@*", "@types/node@^10.12.18":
  version "10.12.18"
  resolved "https://registry.yarnpkg.com/@types/node/-/node-10.12.18.tgz#1d3ca764718915584fcd9f6344621b7672665c67"
  integrity sha512-fh+pAqt4xRzPfqA6eh3Z2y6fyZavRIumvjhaCL753+TVkGKGhpPeyrJG2JftD0T9q4GF00KjefsQ+PQNDdWQaQ==

arrify@^1.0.0:
  version "1.0.1"
  resolved "https://registry.yarnpkg.com/arrify/-/arrify-1.0.1.tgz#898508da2226f380df904728456849c1501a4b0d"
  integrity sha1-iYUI2iIm84DfkEcoRWhJwVAaSw0=

boolbase@~1.0.0:
  version "1.0.0"
  resolved "https://registry.yarnpkg.com/boolbase/-/boolbase-1.0.0.tgz#68dff5fbe60c51eb37725ea9e3ed310dcc1e776e"
  integrity sha1-aN/1++YMUes3cl6p4+0xDcwed24=

buffer-from@^1.0.0, buffer-from@^1.1.0:
  version "1.1.1"
  resolved "https://registry.yarnpkg.com/buffer-from/-/buffer-from-1.1.1.tgz#32713bc028f75c02fdb710d7c7bcec1f2c6070ef"
  integrity sha512-MQcXEUbCKtEo7bhqEs6560Hyd4XaovZlO/k9V3hjVUF/zwW7KBVdSK4gIt/bzwS9MbR5qob+F5jusZsb0YQK2A==

cheerio@^1.0.0-rc.2:
  version "1.0.0-rc.2"
  resolved "https://registry.yarnpkg.com/cheerio/-/cheerio-1.0.0-rc.2.tgz#4b9f53a81b27e4d5dac31c0ffd0cfa03cc6830db"
  integrity sha1-S59TqBsn5NXawxwP/Qz6A8xoMNs=
  dependencies:
    css-select "~1.2.0"
    dom-serializer "~0.1.0"
    entities "~1.1.1"
    htmlparser2 "^3.9.1"
    lodash "^4.15.0"
    parse5 "^3.0.1"

css-select@~1.2.0:
  version "1.2.0"
  resolved "https://registry.yarnpkg.com/css-select/-/css-select-1.2.0.tgz#2b3a110539c5355f1cd8d314623e870b121ec858"
  integrity sha1-KzoRBTnFNV8c2NMUYj6HCxIeyFg=
  dependencies:
    boolbase "~1.0.0"
    css-what "2.1"
    domutils "1.5.1"
    nth-check "~1.0.1"

css-what@2.1:
  version "2.1.2"
  resolved "https://registry.yarnpkg.com/css-what/-/css-what-2.1.2.tgz#c0876d9d0480927d7d4920dcd72af3595649554d"
  integrity sha512-wan8dMWQ0GUeF7DGEPVjhHemVW/vy6xUYmFzRY8RYqgA0JtXC9rJmbScBjqSu6dg9q0lwPQy6ZAmJVr3PPTvqQ==

date-fns@^1.30.1:
  version "1.30.1"
  resolved "https://registry.yarnpkg.com/date-fns/-/date-fns-1.30.1.tgz#2e71bf0b119153dbb4cc4e88d9ea5acfb50dc05c"
  integrity sha512-hBSVCvSmWC+QypYObzwGOd9wqdDpOt+0wl0KbU+R+uuZBS1jN8VsD1ss3irQDknRj5NvxiTF6oj/nDRnN/UQNw==

diff@^3.1.0:
  version "3.5.0"
  resolved "https://registry.yarnpkg.com/diff/-/diff-3.5.0.tgz#800c0dd1e0a8bfbc95835c202ad220fe317e5a12"
  integrity sha512-A46qtFgd+g7pDZinpnwiRJtxbC1hpgf0uzP3iG89scHk0AUC7A1TGxf5OiiOUv/JMZR8GOt8hL900hV0bOy5xA==

dom-serializer@0, dom-serializer@~0.1.0:
  version "0.1.0"
  resolved "https://registry.yarnpkg.com/dom-serializer/-/dom-serializer-0.1.0.tgz#073c697546ce0780ce23be4a28e293e40bc30c82"
  integrity sha1-BzxpdUbOB4DOI75KKOKT5AvDDII=
  dependencies:
    domelementtype "~1.1.1"
    entities "~1.1.1"

domelementtype@1, domelementtype@^1.3.0:
  version "1.3.1"
  resolved "https://registry.yarnpkg.com/domelementtype/-/domelementtype-1.3.1.tgz#d048c44b37b0d10a7f2a3d5fee3f4333d790481f"
  integrity sha512-BSKB+TSpMpFI/HOxCNr1O8aMOTZ8hT3pM3GQ0w/mWRmkhEDSFJkkyzz4XQsBV44BChwGkrDfMyjVD0eA2aFV3w==

domelementtype@~1.1.1:
  version "1.1.3"
  resolved "https://registry.yarnpkg.com/domelementtype/-/domelementtype-1.1.3.tgz#bd28773e2642881aec51544924299c5cd822185b"
  integrity sha1-vSh3PiZCiBrsUVRJJCmcXNgiGFs=

domhandler@^2.3.0:
  version "2.4.2"
  resolved "https://registry.yarnpkg.com/domhandler/-/domhandler-2.4.2.tgz#8805097e933d65e85546f726d60f5eb88b44f803"
  integrity sha512-JiK04h0Ht5u/80fdLMCEmV4zkNh2BcoMFBmZ/91WtYZ8qVXSKjiw7fXMgFPnHcSZgOo3XdinHvmnDUeMf5R4wA==
  dependencies:
    domelementtype "1"

domutils@1.5.1:
  version "1.5.1"
  resolved "https://registry.yarnpkg.com/domutils/-/domutils-1.5.1.tgz#dcd8488a26f563d61079e48c9f7b7e32373682cf"
  integrity sha1-3NhIiib1Y9YQeeSMn3t+Mjc2gs8=
  dependencies:
    dom-serializer "0"
    domelementtype "1"

domutils@^1.5.1:
  version "1.7.0"
  resolved "https://registry.yarnpkg.com/domutils/-/domutils-1.7.0.tgz#56ea341e834e06e6748af7a1cb25da67ea9f8c2a"
  integrity sha512-Lgd2XcJ/NjEw+7tFvfKxOzCYKZsdct5lczQ2ZaQY8Djz7pfAD3Gbp8ySJWtreII/vDlMVmxwa6pHmdxIYgttDg==
  dependencies:
    dom-serializer "0"
    domelementtype "1"

entities@^1.1.1, entities@~1.1.1:
  version "1.1.2"
  resolved "https://registry.yarnpkg.com/entities/-/entities-1.1.2.tgz#bdfa735299664dfafd34529ed4f8522a275fea56"
  integrity sha512-f2LZMYl1Fzu7YSBKg+RoROelpOaNrcGmE9AZubeDfrCEia483oW4MI4VyFd5VNHIgQ/7qm1I0wUHK1eJnn2y2w==

htmlparser2@^3.9.1:
  version "3.10.0"
  resolved "https://registry.yarnpkg.com/htmlparser2/-/htmlparser2-3.10.0.tgz#5f5e422dcf6119c0d983ed36260ce9ded0bee464"
  integrity sha512-J1nEUGv+MkXS0weHNWVKJJ+UrLfePxRWpN3C9bEi9fLxL2+ggW94DQvgYVXsaT30PGwYRIZKNZXuyMhp3Di4bQ==
  dependencies:
    domelementtype "^1.3.0"
    domhandler "^2.3.0"
    domutils "^1.5.1"
    entities "^1.1.1"
    inherits "^2.0.1"
    readable-stream "^3.0.6"

inherits@^2.0.1, inherits@^2.0.3:
  version "2.0.3"
  resolved "https://registry.yarnpkg.com/inherits/-/inherits-2.0.3.tgz#633c2c83e3da42a502f52466022480f4208261de"
  integrity sha1-Yzwsg+PaQqUC9SRmAiSA9CCCYd4=

lodash@^4.15.0, lodash@^4.17.11:
  version "4.17.11"
  resolved "https://registry.yarnpkg.com/lodash/-/lodash-4.17.11.tgz#b39ea6229ef607ecd89e2c8df12536891cac9b8d"
  integrity sha512-cQKh8igo5QUhZ7lg38DYWAxMvjSAKG0A8wGSVimP07SIUEK2UO+arSRKbRZWtelMtN5V0Hkwh5ryOto/SshYIg==

make-error@^1.1.1:
  version "1.3.5"
  resolved "https://registry.yarnpkg.com/make-error/-/make-error-1.3.5.tgz#efe4e81f6db28cadd605c70f29c831b58ef776c8"
  integrity sha512-c3sIjNUow0+8swNwVpqoH4YCShKNFkMaw6oH1mNS2haDZQqkeZFlHS3dhoeEbKKmJB4vXpJucU6oH75aDYeE9g==

minimist@0.0.8:
  version "0.0.8"
  resolved "https://registry.yarnpkg.com/minimist/-/minimist-0.0.8.tgz#857fcabfc3397d2625b8228262e86aa7a011b05d"
  integrity sha1-hX/Kv8M5fSYluCKCYuhqp6ARsF0=

minimist@^1.2.0:
  version "1.2.0"
  resolved "https://registry.yarnpkg.com/minimist/-/minimist-1.2.0.tgz#a35008b20f41383eec1fb914f4cd5df79a264284"
  integrity sha1-o1AIsg9BOD7sH7kU9M1d95omQoQ=

mkdirp@^0.5.1:
  version "0.5.1"
  resolved "https://registry.yarnpkg.com/mkdirp/-/mkdirp-0.5.1.tgz#30057438eac6cf7f8c4767f38648d6697d75c903"
  integrity sha1-MAV0OOrGz3+MR2fzhkjWaX11yQM=
  dependencies:
    minimist "0.0.8"

node-fetch@^2.3.0:
  version "2.3.0"
  resolved "https://registry.yarnpkg.com/node-fetch/-/node-fetch-2.3.0.tgz#1a1d940bbfb916a1d3e0219f037e89e71f8c5fa5"
  integrity sha512-MOd8pV3fxENbryESLgVIeaGKrdl+uaYhCSSVkjeOb/31/njTpcis5aWfdqgNlHIrKOLRbMnfPINPOML2CIFeXA==

nth-check@~1.0.1:
  version "1.0.2"
  resolved "https://registry.yarnpkg.com/nth-check/-/nth-check-1.0.2.tgz#b2bd295c37e3dd58a3bf0700376663ba4d9cf05c"
  integrity sha512-WeBOdju8SnzPN5vTUJYxYUxLeXpCaVP5i5e0LF8fg7WORF2Wd7wFX/pk0tYZk7s8T+J7VLy0Da6J1+wCT0AtHg==
  dependencies:
    boolbase "~1.0.0"

parse5@^3.0.1:
  version "3.0.3"
  resolved "https://registry.yarnpkg.com/parse5/-/parse5-3.0.3.tgz#042f792ffdd36851551cf4e9e066b3874ab45b5c"
  integrity sha512-rgO9Zg5LLLkfJF9E6CCmXlSE4UVceloys8JrFqCcHloC3usd/kJCyPDwH2SOlzix2j3xaP9sUX3e8+kvkuleAA==
  dependencies:
    "@types/node" "*"

readable-stream@^3.0.6:
  version "3.1.1"
  resolved "https://registry.yarnpkg.com/readable-stream/-/readable-stream-3.1.1.tgz#ed6bbc6c5ba58b090039ff18ce670515795aeb06"
  integrity sha512-DkN66hPyqDhnIQ6Jcsvx9bFjhw214O4poMBcIMgPVpQvNy9a0e0Uhg5SqySyDKAmUlwt8LonTBz1ezOnM8pUdA==
  dependencies:
    inherits "^2.0.3"
    string_decoder "^1.1.1"
    util-deprecate "^1.0.1"

safe-buffer@~5.1.0:
  version "5.1.2"
  resolved "https://registry.yarnpkg.com/safe-buffer/-/safe-buffer-5.1.2.tgz#991ec69d296e0313747d59bdfd2b745c35f8828d"
  integrity sha512-Gd2UZBJDkXlY7GbJxfsE8/nvKkUEU1G38c1siN6QP6a9PT9MmHB8GnpscSmMJSoF8LOIrt8ud/wPtojys4G6+g==

source-map-support@^0.5.6:
  version "0.5.9"
  resolved "https://registry.yarnpkg.com/source-map-support/-/source-map-support-0.5.9.tgz#41bc953b2534267ea2d605bccfa7bfa3111ced5f"
  integrity sha512-gR6Rw4MvUlYy83vP0vxoVNzM6t8MUXqNuRsuBmBHQDu1Fh6X015FrLdgoDKcNdkwGubozq0P4N0Q37UyFVr1EA==
  dependencies:
    buffer-from "^1.0.0"
    source-map "^0.6.0"

source-map@^0.6.0:
  version "0.6.1"
  resolved "https://registry.yarnpkg.com/source-map/-/source-map-0.6.1.tgz#74722af32e9614e9c287a8d0bbde48b5e2f1a263"
  integrity sha512-UjgapumWlbMhkBgzT7Ykc5YXUT46F0iKu8SGXq0bcwP5dz/h0Plj6enJqjz1Zbq2l5WaqYnrVbwWOWMyF3F47g==

string_decoder@^1.1.1:
  version "1.2.0"
  resolved "https://registry.yarnpkg.com/string_decoder/-/string_decoder-1.2.0.tgz#fe86e738b19544afe70469243b2a1ee9240eae8d"
  integrity sha512-6YqyX6ZWEYguAxgZzHGL7SsCeGx3V2TtOTqZz1xSTSWnqsbWwbptafNyvf/ACquZUXV3DANr5BDIwNYe1mN42w==
  dependencies:
    safe-buffer "~5.1.0"

ts-node@^7.0.1:
  version "7.0.1"
  resolved "https://registry.yarnpkg.com/ts-node/-/ts-node-7.0.1.tgz#9562dc2d1e6d248d24bc55f773e3f614337d9baf"
  integrity sha512-BVwVbPJRspzNh2yfslyT1PSbl5uIk03EZlb493RKHN4qej/D06n1cEhjlOJG69oFsE7OT8XjpTUcYf6pKTLMhw==
  dependencies:
    arrify "^1.0.0"
    buffer-from "^1.1.0"
    diff "^3.1.0"
    make-error "^1.1.1"
    minimist "^1.2.0"
    mkdirp "^0.5.1"
    source-map-support "^0.5.6"
    yn "^2.0.0"

typescript@^3.2.2:
  version "3.2.2"
  resolved "https://registry.yarnpkg.com/typescript/-/typescript-3.2.2.tgz#fe8101c46aa123f8353523ebdcf5730c2ae493e5"
  integrity sha512-VCj5UiSyHBjwfYacmDuc/NOk4QQixbE+Wn7MFJuS0nRuPQbof132Pw4u53dm264O8LPc2MVsc7RJNml5szurkg==

util-deprecate@^1.0.1:
  version "1.0.2"
  resolved "https://registry.yarnpkg.com/util-deprecate/-/util-deprecate-1.0.2.tgz#450d4dc9fa70de732762fbd2d4a28981419a0ccf"
  integrity sha1-RQ1Nyfpw3nMnYvvS1KKJgUGaDM8=

yn@^2.0.0:
  version "2.0.0"
  resolved "https://registry.yarnpkg.com/yn/-/yn-2.0.0.tgz#e5adabc8acf408f6385fc76495684c88e6af689a"
  integrity sha1-5a2ryKz0CPY4X8dklWhMiOavaJo=
